
Microsoft Visual Studio Solution File, Format Version 12.00
# Visual Studio 15
VisualStudioVersion = 15.0.27428.2015
MinimumVisualStudioVersion = 10.0.40219.1
Project("{9A19103F-16F7-4668-BE54-9A1E7A4F7556}") = "TriggeriseBEChallenge.Domain", "TriggeriseBEChallenge.Domain\TriggeriseBEChallenge.Domain.csproj", "{B3095A67-1798-4151-8995-3A8FC0D0F90F}"
EndProject
Project("{9A19103F-16F7-4668-BE54-9A1E7A4F7556}") = "TriggeriseBEChallenge.ConsoleApp", "TriggeriseBEChallenge.ConsoleApp\TriggeriseBEChallenge.ConsoleApp.csproj", "{FA5CA410-A524-45B2-9266-8104E88B554C}"
EndProject
Project("{9A19103F-16F7-4668-BE54-9A1E7A4F7556}") = "TriggeriseBEChallenge.Data", "TriggeriseBEChallenge.Data\TriggeriseBEChallenge.Data.csproj", "{EA66A6DC-8501-48B8-B0F1-245E4D6D1ED5}"
EndProject
Project("{FAE04EC0-301F-11D3-BF4B-00C04F79EFBC}") = "TriggeriseBEChallenge.BusinessProcess", "TriggeriseBEChallenge.BusinessProcess\TriggeriseBEChallenge.BusinessProcess.csproj", "{B2ACD833-2C3C-43C9-9010-3B7784F82CE2}"
EndProject
Project("{FAE04EC0-301F-11D3-BF4B-00C04F79EFBC}") = "TriggeriseBEChallenge.UnitTest", "TriggeriseBEChallenge.UnitTest\TriggeriseBEChallenge.UnitTest.csproj", "{8BC27B72-8C43-4F41-A4C4-EAA6AC93D785}"
EndProject
Global
	GlobalSection(SolutionConfigurationPlatforms) = preSolution
		Debug|Any CPU = Debug|Any CPU
		Release|Any CPU = Release|Any CPU
	EndGlobalSection
	GlobalSection(ProjectConfigurationPlatforms) = postSolution
		{B3095A67-1798-4151-8995-3A8FC0D0F90F}.Debug|Any CPU.ActiveCfg = Debug|Any CPU
		{B3095A67-1798-4151-8995-3A8FC0D0F90F}.Debug|Any CPU.Build.0 = Debug|Any CPU
		{B3095A67-1798-4151-8995-3A8FC0D0F90F}.Release|Any CPU.ActiveCfg = Release|Any CPU
		{B3095A67-1798-4151-8995-3A8FC0D0F90F}.Release|Any CPU.Build.0 = Release|Any CPU
		{FA5CA410-A524-45B2-9266-8104E88B554C}.Debug|Any CPU.ActiveCfg = Debug|Any CPU
		{FA5CA410-A524-45B2-9266-8104E88B554C}.Debug|Any CPU.Build.0 = Debug|Any CPU
		{FA5CA410-A524-45B2-9266-8104E88B554C}.Release|Any CPU.ActiveCfg = Release|Any CPU
		{FA5CA410-A524-45B2-9266-8104E88B554C}.Release|Any CPU.Build.0 = Release|Any CPU
		{EA66A6DC-8501-48B8-B0F1-245E4D6D1ED5}.Debug|Any CPU.ActiveCfg = Debug|Any CPU
		{EA66A6DC-8501-48B8-B0F1-245E4D6D1ED5}.Debug|Any CPU.Build.0 = Debug|Any CPU
		{EA66A6DC-8501-48B8-B0F1-245E4D6D1ED5}.Release|Any CPU.ActiveCfg = Release|Any CPU
		{EA66A6DC-8501-48B8-B0F1-245E4D6D1ED5}.Release|Any CPU.Build.0 = Release|Any CPU
		{B2ACD833-2C3C-43C9-9010-3B7784F82CE2}.Debug|Any CPU.ActiveCfg = Debug|Any CPU
		{B2ACD833-2C3C-43C9-9010-3B7784F82CE2}.Debug|Any CPU.Build.0 = Debug|Any CPU
		{B2ACD833-2C3C-43C9-9010-3B7784F82CE2}.Release|Any CPU.ActiveCfg = Release|Any CPU
		{B2ACD833-2C3C-43C9-9010-3B7784F82CE2}.Release|Any CPU.Build.0 = Release|Any CPU
		{8BC27B72-8C43-4F41-A4C4-EAA6AC93D785}.Debug|Any CPU.ActiveCfg = Debug|Any CPU
		{8BC27B72-8C43-4F41-A4C4-EAA6AC93D785}.Debug|Any CPU.Build.0 = Debug|Any CPU
		{8BC27B72-8C43-4F41-A4C4-EAA6AC93D785}.Release|Any CPU.ActiveCfg = Release|Any CPU
		{8BC27B72-8C43-4F41-A4C4-EAA6AC93D785}.Release|Any CPU.Build.0 = Release|Any CPU
	EndGlobalSection
	GlobalSection(SolutionProperties) = preSolution
		HideSolutionNode = FALSE
	EndGlobalSection
	GlobalSection(ExtensibilityGlobals) = postSolution
		SolutionGuid = {CF34E1F5-C94E-4195-802C-60C1971D364B}
	EndGlobalSection
EndGlobal
